
Microsoft Visual Studio Solution File, Format Version 12.00
# Visual Studio Version 16
VisualStudioVersion = 16.0.31702.278
MinimumVisualStudioVersion = 10.0.40219.1
Project("{2150E333-8FDC-42A3-9474-1A3956D46DE8}") = "Services", "Services", "{CE10CC6E-6919-4C51-B27E-1EA29833AC79}"
EndProject
Project("{2150E333-8FDC-42A3-9474-1A3956D46DE8}") = "Catalog", "Catalog", "{4623E3FE-C45F-4BED-B9DE-73A831721ACF}"
EndProject
Project("{9A19103F-16F7-4668-BE54-9A1E7A4F7556}") = "Catalog.Api", "Services\Catalog\Catalog.Api\Catalog.Api.csproj", "{DE9F1900-5546-47A5-9EB7-73AC77A1613C}"
EndProject
Project("{E53339B2-1760-4266-BCC7-CA923CBCF16C}") = "docker-compose", "docker-compose.dcproj", "{C70C5ABC-CF45-4485-8AF5-F4E7E554B7C7}"
EndProject
Global
	GlobalSection(SolutionConfigurationPlatforms) = preSolution
		Debug|Any CPU = Debug|Any CPU
		Release|Any CPU = Release|Any CPU
	EndGlobalSection
	GlobalSection(ProjectConfigurationPlatforms) = postSolution
		{DE9F1900-5546-47A5-9EB7-73AC77A1613C}.Debug|Any CPU.ActiveCfg = Debug|Any CPU
		{DE9F1900-5546-47A5-9EB7-73AC77A1613C}.Debug|Any CPU.Build.0 = Debug|Any CPU
		{DE9F1900-5546-47A5-9EB7-73AC77A1613C}.Release|Any CPU.ActiveCfg = Release|Any CPU
		{DE9F1900-5546-47A5-9EB7-73AC77A1613C}.Release|Any CPU.Build.0 = Release|Any CPU
		{C70C5ABC-CF45-4485-8AF5-F4E7E554B7C7}.Debug|Any CPU.ActiveCfg = Debug|Any CPU
		{C70C5ABC-CF45-4485-8AF5-F4E7E554B7C7}.Debug|Any CPU.Build.0 = Debug|Any CPU
		{C70C5ABC-CF45-4485-8AF5-F4E7E554B7C7}.Release|Any CPU.ActiveCfg = Release|Any CPU
		{C70C5ABC-CF45-4485-8AF5-F4E7E554B7C7}.Release|Any CPU.Build.0 = Release|Any CPU
	EndGlobalSection
	GlobalSection(SolutionProperties) = preSolution
		HideSolutionNode = FALSE
	EndGlobalSection
	GlobalSection(NestedProjects) = preSolution
		{4623E3FE-C45F-4BED-B9DE-73A831721ACF} = {CE10CC6E-6919-4C51-B27E-1EA29833AC79}
		{DE9F1900-5546-47A5-9EB7-73AC77A1613C} = {4623E3FE-C45F-4BED-B9DE-73A831721ACF}
	EndGlobalSection
	GlobalSection(ExtensibilityGlobals) = postSolution
		SolutionGuid = {9E76DA4B-E267-4862-B3E8-78F6A831F036}
	EndGlobalSection
EndGlobal
