
Microsoft Visual Studio Solution File, Format Version 12.00
# Visual Studio Version 16
VisualStudioVersion = 16.0.31702.278
MinimumVisualStudioVersion = 10.0.40219.1
Project("{2150E333-8FDC-42A3-9474-1A3956D46DE8}") = "Services", "Services", "{CE10CC6E-6919-4C51-B27E-1EA29833AC79}"
EndProject
Project("{2150E333-8FDC-42A3-9474-1A3956D46DE8}") = "Catalog", "Catalog", "{4623E3FE-C45F-4BED-B9DE-73A831721ACF}"
EndProject
Project("{9A19103F-16F7-4668-BE54-9A1E7A4F7556}") = "Catalog.Api", "Services\Catalog\Catalog.Api\Catalog.Api.csproj", "{DE9F1900-5546-47A5-9EB7-73AC77A1613C}"
EndProject
Project("{E53339B2-1760-4266-BCC7-CA923CBCF16C}") = "docker-compose", "docker-compose.dcproj", "{C70C5ABC-CF45-4485-8AF5-F4E7E554B7C7}"
EndProject
Project("{2150E333-8FDC-42A3-9474-1A3956D46DE8}") = "Basket", "Basket", "{15B9151C-B93F-4A6B-93EE-97D45A83D15D}"
EndProject
Project("{9A19103F-16F7-4668-BE54-9A1E7A4F7556}") = "Basket.Api", "Services\Basket\Basket.Api\Basket.Api.csproj", "{BA88AD11-1639-4AD4-B207-CD1D6067A5A1}"
EndProject
Project("{2150E333-8FDC-42A3-9474-1A3956D46DE8}") = "Discount", "Discount", "{C7A48DA8-F68C-41A5-833A-E44867C1DDB9}"
EndProject
Project("{9A19103F-16F7-4668-BE54-9A1E7A4F7556}") = "Discount.Api", "Services\Discount\Discount.Api\Discount.Api.csproj", "{6E4C197B-525E-4830-B7B7-AF9A38821191}"
EndProject
Project("{9A19103F-16F7-4668-BE54-9A1E7A4F7556}") = "Discount.Grpc", "Services\Discount\Discount.Grpc\Discount.Grpc.csproj", "{00A2F7E4-D249-40F9-896E-EC4500A66E48}"
EndProject
Project("{2150E333-8FDC-42A3-9474-1A3956D46DE8}") = "Ordering", "Ordering", "{9FFE2D16-CBEC-4BC7-B8C9-01D4DA410AE9}"
EndProject
Project("{9A19103F-16F7-4668-BE54-9A1E7A4F7556}") = "Ordering.API", "Services\Ordering\Ordering.API\Ordering.API.csproj", "{509BACD7-FEDF-41BD-8BF5-91157902F0D0}"
EndProject
Project("{9A19103F-16F7-4668-BE54-9A1E7A4F7556}") = "Ordering.Domain", "Services\Ordering\Ordering.Domain\Ordering.Domain.csproj", "{1FD42E9B-3A0D-440A-9217-9737403B8564}"
EndProject
Project("{9A19103F-16F7-4668-BE54-9A1E7A4F7556}") = "Ordering.Application", "Services\Ordering\Ordering.Application\Ordering.Application.csproj", "{B3F15F35-67F3-4FC7-B124-AA137125DA41}"
EndProject
Project("{9A19103F-16F7-4668-BE54-9A1E7A4F7556}") = "Ordering.Infrastructure", "Services\Ordering\Ordering.Infrastructure\Ordering.Infrastructure.csproj", "{F6AC72E6-1826-4DEF-93EA-D7B8FE98ED22}"
EndProject
Project("{2150E333-8FDC-42A3-9474-1A3956D46DE8}") = "BuildingBlocks", "BuildingBlocks", "{48CC697E-2C2A-4E02-88A1-33F7068EEFC4}"
EndProject
Project("{FAE04EC0-301F-11D3-BF4B-00C04F79EFBC}") = "EventBus.Messages", "BuildingBlocks\EventBus.Messages\EventBus.Messages.csproj", "{3D3C89EC-6C4C-4927-A108-9B563A55FDDE}"
EndProject
Global
	GlobalSection(SolutionConfigurationPlatforms) = preSolution
		Debug|Any CPU = Debug|Any CPU
		Release|Any CPU = Release|Any CPU
	EndGlobalSection
	GlobalSection(ProjectConfigurationPlatforms) = postSolution
		{DE9F1900-5546-47A5-9EB7-73AC77A1613C}.Debug|Any CPU.ActiveCfg = Debug|Any CPU
		{DE9F1900-5546-47A5-9EB7-73AC77A1613C}.Debug|Any CPU.Build.0 = Debug|Any CPU
		{DE9F1900-5546-47A5-9EB7-73AC77A1613C}.Release|Any CPU.ActiveCfg = Release|Any CPU
		{DE9F1900-5546-47A5-9EB7-73AC77A1613C}.Release|Any CPU.Build.0 = Release|Any CPU
		{C70C5ABC-CF45-4485-8AF5-F4E7E554B7C7}.Debug|Any CPU.ActiveCfg = Debug|Any CPU
		{C70C5ABC-CF45-4485-8AF5-F4E7E554B7C7}.Debug|Any CPU.Build.0 = Debug|Any CPU
		{C70C5ABC-CF45-4485-8AF5-F4E7E554B7C7}.Release|Any CPU.ActiveCfg = Release|Any CPU
		{C70C5ABC-CF45-4485-8AF5-F4E7E554B7C7}.Release|Any CPU.Build.0 = Release|Any CPU
		{BA88AD11-1639-4AD4-B207-CD1D6067A5A1}.Debug|Any CPU.ActiveCfg = Debug|Any CPU
		{BA88AD11-1639-4AD4-B207-CD1D6067A5A1}.Debug|Any CPU.Build.0 = Debug|Any CPU
		{BA88AD11-1639-4AD4-B207-CD1D6067A5A1}.Release|Any CPU.ActiveCfg = Release|Any CPU
		{BA88AD11-1639-4AD4-B207-CD1D6067A5A1}.Release|Any CPU.Build.0 = Release|Any CPU
		{6E4C197B-525E-4830-B7B7-AF9A38821191}.Debug|Any CPU.ActiveCfg = Debug|Any CPU
		{6E4C197B-525E-4830-B7B7-AF9A38821191}.Debug|Any CPU.Build.0 = Debug|Any CPU
		{6E4C197B-525E-4830-B7B7-AF9A38821191}.Release|Any CPU.ActiveCfg = Release|Any CPU
		{6E4C197B-525E-4830-B7B7-AF9A38821191}.Release|Any CPU.Build.0 = Release|Any CPU
		{00A2F7E4-D249-40F9-896E-EC4500A66E48}.Debug|Any CPU.ActiveCfg = Debug|Any CPU
		{00A2F7E4-D249-40F9-896E-EC4500A66E48}.Debug|Any CPU.Build.0 = Debug|Any CPU
		{00A2F7E4-D249-40F9-896E-EC4500A66E48}.Release|Any CPU.ActiveCfg = Release|Any CPU
		{00A2F7E4-D249-40F9-896E-EC4500A66E48}.Release|Any CPU.Build.0 = Release|Any CPU
		{509BACD7-FEDF-41BD-8BF5-91157902F0D0}.Debug|Any CPU.ActiveCfg = Debug|Any CPU
		{509BACD7-FEDF-41BD-8BF5-91157902F0D0}.Debug|Any CPU.Build.0 = Debug|Any CPU
		{509BACD7-FEDF-41BD-8BF5-91157902F0D0}.Release|Any CPU.ActiveCfg = Release|Any CPU
		{509BACD7-FEDF-41BD-8BF5-91157902F0D0}.Release|Any CPU.Build.0 = Release|Any CPU
		{1FD42E9B-3A0D-440A-9217-9737403B8564}.Debug|Any CPU.ActiveCfg = Debug|Any CPU
		{1FD42E9B-3A0D-440A-9217-9737403B8564}.Debug|Any CPU.Build.0 = Debug|Any CPU
		{1FD42E9B-3A0D-440A-9217-9737403B8564}.Release|Any CPU.ActiveCfg = Release|Any CPU
		{1FD42E9B-3A0D-440A-9217-9737403B8564}.Release|Any CPU.Build.0 = Release|Any CPU
		{B3F15F35-67F3-4FC7-B124-AA137125DA41}.Debug|Any CPU.ActiveCfg = Debug|Any CPU
		{B3F15F35-67F3-4FC7-B124-AA137125DA41}.Debug|Any CPU.Build.0 = Debug|Any CPU
		{B3F15F35-67F3-4FC7-B124-AA137125DA41}.Release|Any CPU.ActiveCfg = Release|Any CPU
		{B3F15F35-67F3-4FC7-B124-AA137125DA41}.Release|Any CPU.Build.0 = Release|Any CPU
		{F6AC72E6-1826-4DEF-93EA-D7B8FE98ED22}.Debug|Any CPU.ActiveCfg = Debug|Any CPU
		{F6AC72E6-1826-4DEF-93EA-D7B8FE98ED22}.Debug|Any CPU.Build.0 = Debug|Any CPU
		{F6AC72E6-1826-4DEF-93EA-D7B8FE98ED22}.Release|Any CPU.ActiveCfg = Release|Any CPU
		{F6AC72E6-1826-4DEF-93EA-D7B8FE98ED22}.Release|Any CPU.Build.0 = Release|Any CPU
		{3D3C89EC-6C4C-4927-A108-9B563A55FDDE}.Debug|Any CPU.ActiveCfg = Debug|Any CPU
		{3D3C89EC-6C4C-4927-A108-9B563A55FDDE}.Debug|Any CPU.Build.0 = Debug|Any CPU
		{3D3C89EC-6C4C-4927-A108-9B563A55FDDE}.Release|Any CPU.ActiveCfg = Release|Any CPU
		{3D3C89EC-6C4C-4927-A108-9B563A55FDDE}.Release|Any CPU.Build.0 = Release|Any CPU
	EndGlobalSection
	GlobalSection(SolutionProperties) = preSolution
		HideSolutionNode = FALSE
	EndGlobalSection
	GlobalSection(NestedProjects) = preSolution
		{4623E3FE-C45F-4BED-B9DE-73A831721ACF} = {CE10CC6E-6919-4C51-B27E-1EA29833AC79}
		{DE9F1900-5546-47A5-9EB7-73AC77A1613C} = {4623E3FE-C45F-4BED-B9DE-73A831721ACF}
		{15B9151C-B93F-4A6B-93EE-97D45A83D15D} = {CE10CC6E-6919-4C51-B27E-1EA29833AC79}
		{BA88AD11-1639-4AD4-B207-CD1D6067A5A1} = {15B9151C-B93F-4A6B-93EE-97D45A83D15D}
		{C7A48DA8-F68C-41A5-833A-E44867C1DDB9} = {CE10CC6E-6919-4C51-B27E-1EA29833AC79}
		{6E4C197B-525E-4830-B7B7-AF9A38821191} = {C7A48DA8-F68C-41A5-833A-E44867C1DDB9}
		{00A2F7E4-D249-40F9-896E-EC4500A66E48} = {C7A48DA8-F68C-41A5-833A-E44867C1DDB9}
		{9FFE2D16-CBEC-4BC7-B8C9-01D4DA410AE9} = {CE10CC6E-6919-4C51-B27E-1EA29833AC79}
		{509BACD7-FEDF-41BD-8BF5-91157902F0D0} = {9FFE2D16-CBEC-4BC7-B8C9-01D4DA410AE9}
		{1FD42E9B-3A0D-440A-9217-9737403B8564} = {9FFE2D16-CBEC-4BC7-B8C9-01D4DA410AE9}
		{B3F15F35-67F3-4FC7-B124-AA137125DA41} = {9FFE2D16-CBEC-4BC7-B8C9-01D4DA410AE9}
		{F6AC72E6-1826-4DEF-93EA-D7B8FE98ED22} = {9FFE2D16-CBEC-4BC7-B8C9-01D4DA410AE9}
		{3D3C89EC-6C4C-4927-A108-9B563A55FDDE} = {48CC697E-2C2A-4E02-88A1-33F7068EEFC4}
	EndGlobalSection
	GlobalSection(ExtensibilityGlobals) = postSolution
		SolutionGuid = {9E76DA4B-E267-4862-B3E8-78F6A831F036}
	EndGlobalSection
EndGlobal
